
Microsoft Visual Studio Solution File, Format Version 12.00
# Visual Studio Version 17
VisualStudioVersion = 17.7.34024.191
MinimumVisualStudioVersion = 10.0.40219.1
Project("{FAE04EC0-301F-11D3-BF4B-00C04F79EFBC}") = "laboratory3", "laboratory3\laboratory3.csproj", "{74E94208-5DC8-412A-BC01-22BBAE5AFDD1}"
EndProject
Global
	GlobalSection(SolutionConfigurationPlatforms) = preSolution
		Debug|Any CPU = Debug|Any CPU
		Release|Any CPU = Release|Any CPU
	EndGlobalSection
	GlobalSection(ProjectConfigurationPlatforms) = postSolution
		{74E94208-5DC8-412A-BC01-22BBAE5AFDD1}.Debug|Any CPU.ActiveCfg = Debug|Any CPU
		{74E94208-5DC8-412A-BC01-22BBAE5AFDD1}.Debug|Any CPU.Build.0 = Debug|Any CPU
		{74E94208-5DC8-412A-BC01-22BBAE5AFDD1}.Release|Any CPU.ActiveCfg = Release|Any CPU
		{74E94208-5DC8-412A-BC01-22BBAE5AFDD1}.Release|Any CPU.Build.0 = Release|Any CPU
	EndGlobalSection
	GlobalSection(SolutionProperties) = preSolution
		HideSolutionNode = FALSE
	EndGlobalSection
	GlobalSection(ExtensibilityGlobals) = postSolution
		SolutionGuid = {68C5FF18-2D15-409C-AF13-2C0E49CBB0D7}
	EndGlobalSection
EndGlobal
